
Microsoft Visual Studio Solution File, Format Version 12.00
# Visual Studio Version 17
VisualStudioVersion = 17.7.34018.315
MinimumVisualStudioVersion = 10.0.40219.1
Project("{FAE04EC0-301F-11D3-BF4B-00C04F79EFBC}") = "Ejercicio 1", "Ejercicio 1\Ejercicio 1.csproj", "{1C2DA323-5CE3-4A93-8416-1B358041E6B1}"
EndProject
Project("{FAE04EC0-301F-11D3-BF4B-00C04F79EFBC}") = "Ejercicio 2", "Ejercicio 2\Ejercicio 2.csproj", "{37CA2E76-097F-45EB-A91F-E62C2B6783AC}"
EndProject
Project("{FAE04EC0-301F-11D3-BF4B-00C04F79EFBC}") = "Ejercicio 3", "Ejercicio 3\Ejercicio 3.csproj", "{1EFEC1AF-4228-49A3-94D3-67C815689448}"
EndProject
Project("{FAE04EC0-301F-11D3-BF4B-00C04F79EFBC}") = "Ejercicio4", "Ejercicio4\Ejercicio4.csproj", "{35BEA1BD-46EB-45D4-810B-1D16C5245671}"
EndProject
Project("{FAE04EC0-301F-11D3-BF4B-00C04F79EFBC}") = "Ejercicio 5", "Ejercicio 5\Ejercicio 5.csproj", "{D3BE9FD9-9DE7-48E5-A172-5721BDABCCFE}"
EndProject
Project("{FAE04EC0-301F-11D3-BF4B-00C04F79EFBC}") = "Ejercicio 6", "Ejercicio 6\Ejercicio 6.csproj", "{CDBD174B-1EF5-4F84-A90E-EBF75FFECA44}"
EndProject
Project("{FAE04EC0-301F-11D3-BF4B-00C04F79EFBC}") = "Ejercicio 7", "Ejercicio 7\Ejercicio 7.csproj", "{A20741CC-DA44-4AD2-840E-984FB96817D0}"
EndProject
Project("{FAE04EC0-301F-11D3-BF4B-00C04F79EFBC}") = "Ejercicio 8", "Ejercicio 8\Ejercicio 8.csproj", "{2C143652-E773-43A3-BD55-00DEB2B3BB02}"
EndProject
Global
	GlobalSection(SolutionConfigurationPlatforms) = preSolution
		Debug|Any CPU = Debug|Any CPU
		Release|Any CPU = Release|Any CPU
	EndGlobalSection
	GlobalSection(ProjectConfigurationPlatforms) = postSolution
		{1C2DA323-5CE3-4A93-8416-1B358041E6B1}.Debug|Any CPU.ActiveCfg = Debug|Any CPU
		{1C2DA323-5CE3-4A93-8416-1B358041E6B1}.Debug|Any CPU.Build.0 = Debug|Any CPU
		{1C2DA323-5CE3-4A93-8416-1B358041E6B1}.Release|Any CPU.ActiveCfg = Release|Any CPU
		{1C2DA323-5CE3-4A93-8416-1B358041E6B1}.Release|Any CPU.Build.0 = Release|Any CPU
		{37CA2E76-097F-45EB-A91F-E62C2B6783AC}.Debug|Any CPU.ActiveCfg = Debug|Any CPU
		{37CA2E76-097F-45EB-A91F-E62C2B6783AC}.Debug|Any CPU.Build.0 = Debug|Any CPU
		{37CA2E76-097F-45EB-A91F-E62C2B6783AC}.Release|Any CPU.ActiveCfg = Release|Any CPU
		{37CA2E76-097F-45EB-A91F-E62C2B6783AC}.Release|Any CPU.Build.0 = Release|Any CPU
		{1EFEC1AF-4228-49A3-94D3-67C815689448}.Debug|Any CPU.ActiveCfg = Debug|Any CPU
		{1EFEC1AF-4228-49A3-94D3-67C815689448}.Debug|Any CPU.Build.0 = Debug|Any CPU
		{1EFEC1AF-4228-49A3-94D3-67C815689448}.Release|Any CPU.ActiveCfg = Release|Any CPU
		{1EFEC1AF-4228-49A3-94D3-67C815689448}.Release|Any CPU.Build.0 = Release|Any CPU
		{35BEA1BD-46EB-45D4-810B-1D16C5245671}.Debug|Any CPU.ActiveCfg = Debug|Any CPU
		{35BEA1BD-46EB-45D4-810B-1D16C5245671}.Debug|Any CPU.Build.0 = Debug|Any CPU
		{35BEA1BD-46EB-45D4-810B-1D16C5245671}.Release|Any CPU.ActiveCfg = Release|Any CPU
		{35BEA1BD-46EB-45D4-810B-1D16C5245671}.Release|Any CPU.Build.0 = Release|Any CPU
		{D3BE9FD9-9DE7-48E5-A172-5721BDABCCFE}.Debug|Any CPU.ActiveCfg = Debug|Any CPU
		{D3BE9FD9-9DE7-48E5-A172-5721BDABCCFE}.Debug|Any CPU.Build.0 = Debug|Any CPU
		{D3BE9FD9-9DE7-48E5-A172-5721BDABCCFE}.Release|Any CPU.ActiveCfg = Release|Any CPU
		{D3BE9FD9-9DE7-48E5-A172-5721BDABCCFE}.Release|Any CPU.Build.0 = Release|Any CPU
		{CDBD174B-1EF5-4F84-A90E-EBF75FFECA44}.Debug|Any CPU.ActiveCfg = Debug|Any CPU
		{CDBD174B-1EF5-4F84-A90E-EBF75FFECA44}.Debug|Any CPU.Build.0 = Debug|Any CPU
		{CDBD174B-1EF5-4F84-A90E-EBF75FFECA44}.Release|Any CPU.ActiveCfg = Release|Any CPU
		{CDBD174B-1EF5-4F84-A90E-EBF75FFECA44}.Release|Any CPU.Build.0 = Release|Any CPU
		{A20741CC-DA44-4AD2-840E-984FB96817D0}.Debug|Any CPU.ActiveCfg = Debug|Any CPU
		{A20741CC-DA44-4AD2-840E-984FB96817D0}.Debug|Any CPU.Build.0 = Debug|Any CPU
		{A20741CC-DA44-4AD2-840E-984FB96817D0}.Release|Any CPU.ActiveCfg = Release|Any CPU
		{A20741CC-DA44-4AD2-840E-984FB96817D0}.Release|Any CPU.Build.0 = Release|Any CPU
		{2C143652-E773-43A3-BD55-00DEB2B3BB02}.Debug|Any CPU.ActiveCfg = Debug|Any CPU
		{2C143652-E773-43A3-BD55-00DEB2B3BB02}.Debug|Any CPU.Build.0 = Debug|Any CPU
		{2C143652-E773-43A3-BD55-00DEB2B3BB02}.Release|Any CPU.ActiveCfg = Release|Any CPU
		{2C143652-E773-43A3-BD55-00DEB2B3BB02}.Release|Any CPU.Build.0 = Release|Any CPU
	EndGlobalSection
	GlobalSection(SolutionProperties) = preSolution
		HideSolutionNode = FALSE
	EndGlobalSection
	GlobalSection(ExtensibilityGlobals) = postSolution
		SolutionGuid = {B46AF563-EAB2-45EE-9B47-C3D43AB1074D}
	EndGlobalSection
EndGlobal
