
Microsoft Visual Studio Solution File, Format Version 12.00
# Visual Studio Version 17
VisualStudioVersion = 17.9.34714.143
MinimumVisualStudioVersion = 10.0.40219.1
Project("{9A19103F-16F7-4668-BE54-9A1E7A4F7556}") = "Papeleria.LogicaNegocio", "Papeleria.LogicaNegocio\Papeleria.LogicaNegocio.csproj", "{BEB63C43-7702-4F4D-8830-8192BF77439B}"
EndProject
Project("{9A19103F-16F7-4668-BE54-9A1E7A4F7556}") = "Papeleria.AccesoDatos", "Papeleria.AccesoDatos\Papeleria.AccesoDatos.csproj", "{4283381B-C23D-48B9-B56C-6C24CABA33F7}"
EndProject
Project("{9A19103F-16F7-4668-BE54-9A1E7A4F7556}") = "Papeleria.Web", "Papeleria.Web\Papeleria.Web.csproj", "{015F8671-AFA4-4529-AF77-190FA7438A58}"
EndProject
Project("{9A19103F-16F7-4668-BE54-9A1E7A4F7556}") = "Papeleria.LogicaAplicacion", "Papeleria.LogicaAplicacion\Papeleria.LogicaAplicacion.csproj", "{9A3EA88B-4F2E-4281-86B4-4206EC5935CF}"
EndProject
Project("{9A19103F-16F7-4668-BE54-9A1E7A4F7556}") = "Papeleria.WebApi", "Papeleria.WebApi\Papeleria.WebApi.csproj", "{7049366B-62AF-400F-BA54-640F7D84C1AB}"
EndProject
Global
	GlobalSection(SolutionConfigurationPlatforms) = preSolution
		Debug|Any CPU = Debug|Any CPU
		Release|Any CPU = Release|Any CPU
	EndGlobalSection
	GlobalSection(ProjectConfigurationPlatforms) = postSolution
		{BEB63C43-7702-4F4D-8830-8192BF77439B}.Debug|Any CPU.ActiveCfg = Debug|Any CPU
		{BEB63C43-7702-4F4D-8830-8192BF77439B}.Debug|Any CPU.Build.0 = Debug|Any CPU
		{BEB63C43-7702-4F4D-8830-8192BF77439B}.Release|Any CPU.ActiveCfg = Release|Any CPU
		{BEB63C43-7702-4F4D-8830-8192BF77439B}.Release|Any CPU.Build.0 = Release|Any CPU
		{4283381B-C23D-48B9-B56C-6C24CABA33F7}.Debug|Any CPU.ActiveCfg = Debug|Any CPU
		{4283381B-C23D-48B9-B56C-6C24CABA33F7}.Debug|Any CPU.Build.0 = Debug|Any CPU
		{4283381B-C23D-48B9-B56C-6C24CABA33F7}.Release|Any CPU.ActiveCfg = Release|Any CPU
		{4283381B-C23D-48B9-B56C-6C24CABA33F7}.Release|Any CPU.Build.0 = Release|Any CPU
		{015F8671-AFA4-4529-AF77-190FA7438A58}.Debug|Any CPU.ActiveCfg = Debug|Any CPU
		{015F8671-AFA4-4529-AF77-190FA7438A58}.Debug|Any CPU.Build.0 = Debug|Any CPU
		{015F8671-AFA4-4529-AF77-190FA7438A58}.Release|Any CPU.ActiveCfg = Release|Any CPU
		{015F8671-AFA4-4529-AF77-190FA7438A58}.Release|Any CPU.Build.0 = Release|Any CPU
		{9A3EA88B-4F2E-4281-86B4-4206EC5935CF}.Debug|Any CPU.ActiveCfg = Debug|Any CPU
		{9A3EA88B-4F2E-4281-86B4-4206EC5935CF}.Debug|Any CPU.Build.0 = Debug|Any CPU
		{9A3EA88B-4F2E-4281-86B4-4206EC5935CF}.Release|Any CPU.ActiveCfg = Release|Any CPU
		{9A3EA88B-4F2E-4281-86B4-4206EC5935CF}.Release|Any CPU.Build.0 = Release|Any CPU
		{7049366B-62AF-400F-BA54-640F7D84C1AB}.Debug|Any CPU.ActiveCfg = Debug|Any CPU
		{7049366B-62AF-400F-BA54-640F7D84C1AB}.Debug|Any CPU.Build.0 = Debug|Any CPU
		{7049366B-62AF-400F-BA54-640F7D84C1AB}.Release|Any CPU.ActiveCfg = Release|Any CPU
		{7049366B-62AF-400F-BA54-640F7D84C1AB}.Release|Any CPU.Build.0 = Release|Any CPU
	EndGlobalSection
	GlobalSection(SolutionProperties) = preSolution
		HideSolutionNode = FALSE
	EndGlobalSection
	GlobalSection(ExtensibilityGlobals) = postSolution
		SolutionGuid = {4037740F-F0A5-4F9B-87DE-817F5B95D810}
	EndGlobalSection
EndGlobal
